
Microsoft Visual Studio Solution File, Format Version 12.00
# Visual Studio Version 16
VisualStudioVersion = 16.0.31424.327
MinimumVisualStudioVersion = 10.0.40219.1
Project("{FAE04EC0-301F-11D3-BF4B-00C04F79EFBC}") = "Robot", "Robot\Robot.csproj", "{FD244CCD-342D-4067-964F-D7F0AD2945FD}"
EndProject
Global
	GlobalSection(SolutionConfigurationPlatforms) = preSolution
		Debug|Any CPU = Debug|Any CPU
		Release|Any CPU = Release|Any CPU
	EndGlobalSection
	GlobalSection(ProjectConfigurationPlatforms) = postSolution
		{FD244CCD-342D-4067-964F-D7F0AD2945FD}.Debug|Any CPU.ActiveCfg = Debug|Any CPU
		{FD244CCD-342D-4067-964F-D7F0AD2945FD}.Debug|Any CPU.Build.0 = Debug|Any CPU
		{FD244CCD-342D-4067-964F-D7F0AD2945FD}.Release|Any CPU.ActiveCfg = Release|Any CPU
		{FD244CCD-342D-4067-964F-D7F0AD2945FD}.Release|Any CPU.Build.0 = Release|Any CPU
	EndGlobalSection
	GlobalSection(SolutionProperties) = preSolution
		HideSolutionNode = FALSE
	EndGlobalSection
	GlobalSection(ExtensibilityGlobals) = postSolution
		SolutionGuid = {D5032BCB-1EC6-4B16-9C47-B05093B1C5ED}
	EndGlobalSection
EndGlobal
